
Microsoft Visual Studio Solution File, Format Version 12.00
# Visual Studio Version 16
VisualStudioVersion = 16.0.29613.14
MinimumVisualStudioVersion = 10.0.40219.1
Project("{FAE04EC0-301F-11D3-BF4B-00C04F79EFBC}") = "AluminisToni", "AluminisToni.csproj", "{1EFF0DD2-AE6A-4898-A82F-5476B752D74D}"
EndProject
Global
	GlobalSection(SolutionConfigurationPlatforms) = preSolution
		Debug|Any CPU = Debug|Any CPU
		Release|Any CPU = Release|Any CPU
	EndGlobalSection
	GlobalSection(ProjectConfigurationPlatforms) = postSolution
		{1EFF0DD2-AE6A-4898-A82F-5476B752D74D}.Debug|Any CPU.ActiveCfg = Debug|Any CPU
		{1EFF0DD2-AE6A-4898-A82F-5476B752D74D}.Debug|Any CPU.Build.0 = Debug|Any CPU
		{1EFF0DD2-AE6A-4898-A82F-5476B752D74D}.Release|Any CPU.ActiveCfg = Release|Any CPU
		{1EFF0DD2-AE6A-4898-A82F-5476B752D74D}.Release|Any CPU.Build.0 = Release|Any CPU
	EndGlobalSection
	GlobalSection(SolutionProperties) = preSolution
		HideSolutionNode = FALSE
	EndGlobalSection
	GlobalSection(ExtensibilityGlobals) = postSolution
		SolutionGuid = {85EA1734-24EE-4DF9-9E36-9E8D33C6C52E}
	EndGlobalSection
EndGlobal
